{
  "name": "lean-ts-kernel",
  "version": "0.1.0",
  "lockfileVersion": 3,
  "requires": true,
  "packages": {
    "": {
      "name": "lean-ts-kernel",
      "version": "0.1.0",
      "workspaces": [
        "packages/*"
      ],
      "devDependencies": {
        "typescript": "5.8.3"
      }
    },
    "packages/backend-ts": {
      "name": "@proofscript/backend-ts",
      "version": "0.0.0-dev",
      "dependencies": {
        "typescript": "5.8.3",
        "@proofscript/compiler-ir": "file:../compiler-ir"
      }
    },
    "node_modules/@proofscript/backend-ts": {
      "resolved": "packages/backend-ts",
      "link": true
    },
    "packages/browser": {
      "name": "@proofscript/browser",
      "version": "0.0.0-dev",
      "devDependencies": {
        "typescript": "5.8.3"
      }
    },
    "node_modules/@proofscript/browser": {
      "resolved": "packages/browser",
      "link": true
    },
    "packages/checked-core": {
      "name": "@proofscript/checked-core",
      "version": "0.0.0-dev",
      "dependencies": {
        "lean-ts-kernel": "file:../.."
      },
      "devDependencies": {
        "typescript": "5.8.3"
      }
    },
    "node_modules/@proofscript/checked-core": {
      "resolved": "packages/checked-core",
      "link": true
    },
    "packages/cli": {
      "name": "pskernel-cli",
      "version": "0.1.0",
      "dependencies": {
        "lean-ts-kernel": "file:../..",
        "@proofscript/module": "file:../module",
        "@proofscript/syntax": "file:../syntax",
        "@proofscript/backend-ts": "file:../backend-ts",
        "@proofscript/compiler-ir": "file:../compiler-ir",
        "@proofscript/elab": "file:../elab",
        "@proofscript/compiler": "file:../compiler",
        "@proofscript/environment": "file:../environment",
        "@proofscript/checked-core": "file:../checked-core",
        "@proofscript/project": "file:../project"
      },
      "devDependencies": {
        "@types/node": "22.15.3",
        "typescript": "5.8.3"
      },
      "bin": {
        "pskernel": "./dist/bin/pskernel.js",
        "psc": "./dist/bin/psc.js"
      }
    },
    "node_modules/pskernel-cli": {
      "resolved": "packages/cli",
      "link": true
    },
    "packages/compiler-ir": {
      "name": "@proofscript/compiler-ir",
      "version": "0.0.0-dev",
      "devDependencies": {
        "typescript": "5.8.3"
      }
    },
    "node_modules/@proofscript/compiler-ir": {
      "resolved": "packages/compiler-ir",
      "link": true
    },
    "packages/compiler": {
      "name": "@proofscript/compiler",
      "version": "0.0.0-dev",
      "dependencies": {
        "lean-ts-kernel": "file:../..",
        "@proofscript/checked-core": "file:../checked-core",
        "@proofscript/erasure": "file:../erasure",
        "@proofscript/compiler-ir": "file:../compiler-ir",
        "@proofscript/backend-ts": "file:../backend-ts"
      },
      "devDependencies": {
        "typescript": "5.8.3"
      }
    },
    "node_modules/@proofscript/compiler": {
      "resolved": "packages/compiler",
      "link": true
    },
    "packages/conformance": {
      "name": "@proofscript/conformance",
      "version": "0.0.0-dev",
      "dependencies": {
        "lean-ts-kernel": "file:../.."
      },
      "devDependencies": {
        "@types/node": "22.15.3",
        "typescript": "5.8.3"
      },
      "bin": {
        "pskernel-conformance": "./dist/bin/pskernel-conformance.js"
      }
    },
    "node_modules/@proofscript/conformance": {
      "resolved": "packages/conformance",
      "link": true
    },
    "packages/elab": {
      "name": "@proofscript/elab",
      "version": "0.0.0-dev",
      "dependencies": {
        "lean-ts-kernel": "file:../..",
        "@proofscript/meta": "file:../meta",
        "@proofscript/syntax": "file:../syntax",
        "@proofscript/checked-core": "file:../checked-core",
        "@proofscript/tactic": "file:../tactic"
      },
      "devDependencies": {
        "typescript": "5.8.3"
      }
    },
    "node_modules/@proofscript/elab": {
      "resolved": "packages/elab",
      "link": true
    },
    "packages/environment": {
      "name": "@proofscript/environment",
      "version": "0.0.0-dev",
      "dependencies": {
        "lean-ts-kernel": "file:../.."
      },
      "devDependencies": {
        "@types/node": "22.15.3",
        "typescript": "5.8.3"
      }
    },
    "node_modules/@proofscript/environment": {
      "resolved": "packages/environment",
      "link": true
    },
    "packages/erasure": {
      "name": "@proofscript/erasure",
      "version": "0.0.0-dev",
      "dependencies": {
        "lean-ts-kernel": "file:../..",
        "@proofscript/checked-core": "file:../checked-core",
        "@proofscript/compiler-ir": "file:../compiler-ir"
      },
      "devDependencies": {
        "typescript": "5.8.3"
      }
    },
    "node_modules/@proofscript/erasure": {
      "resolved": "packages/erasure",
      "link": true
    },
    "packages/language-service": {
      "name": "@proofscript/language-service",
      "version": "0.0.0-dev",
      "dependencies": {
        "@proofscript/syntax": "file:../syntax",
        "@proofscript/elab": "file:../elab",
        "lean-ts-kernel": "file:../..",
        "@proofscript/checked-core": "file:../checked-core",
        "@proofscript/project": "file:../project"
      },
      "devDependencies": {
        "typescript": "5.8.3"
      }
    },
    "node_modules/@proofscript/language-service": {
      "resolved": "packages/language-service",
      "link": true
    },
    "packages/lean4export": {
      "name": "@proofscript/lean4export",
      "version": "0.0.0-dev",
      "dependencies": {
        "@proofscript/module": "file:../module",
        "lean-ts-kernel": "file:../.."
      },
      "devDependencies": {
        "@types/node": "22.15.3",
        "typescript": "5.8.3"
      },
      "bin": {
        "proofscript-lean4export": "./dist/bin/proofscript-lean4export.js"
      }
    },
    "node_modules/@proofscript/lean4export": {
      "resolved": "packages/lean4export",
      "link": true
    },
    "packages/lsp": {
      "name": "@proofscript/lsp",
      "version": "0.0.0-dev",
      "dependencies": {
        "@proofscript/language-service": "file:../language-service",
        "lean-ts-kernel": "file:../..",
        "@proofscript/environment": "file:../environment",
        "@proofscript/project": "file:../project"
      },
      "devDependencies": {
        "@types/node": "22.15.3",
        "typescript": "5.8.3"
      },
      "bin": {
        "proofscript-lsp": "./dist/src/bin.js"
      }
    },
    "node_modules/@proofscript/lsp": {
      "resolved": "packages/lsp",
      "link": true
    },
    "packages/meta": {
      "name": "@proofscript/meta",
      "version": "0.0.0-dev",
      "dependencies": {
        "lean-ts-kernel": "file:../.."
      },
      "devDependencies": {
        "typescript": "5.8.3"
      }
    },
    "node_modules/@proofscript/meta": {
      "resolved": "packages/meta",
      "link": true
    },
    "packages/module": {
      "name": "@proofscript/module",
      "version": "0.0.0-dev",
      "dependencies": {
        "lean-ts-kernel": "file:../..",
        "@proofscript/checked-core": "file:../checked-core"
      },
      "devDependencies": {
        "@types/node": "22.15.3",
        "typescript": "5.8.3"
      }
    },
    "node_modules/@proofscript/module": {
      "resolved": "packages/module",
      "link": true
    },
    "packages/pretty": {
      "name": "@proofscript/pretty",
      "version": "0.0.0-dev",
      "devDependencies": {
        "typescript": "5.8.3"
      }
    },
    "node_modules/@proofscript/pretty": {
      "resolved": "packages/pretty",
      "link": true
    },
    "packages/project": {
      "name": "@proofscript/project",
      "version": "0.0.0-dev",
      "devDependencies": {
        "typescript": "5.8.3",
        "@types/node": "22.15.3"
      }
    },
    "node_modules/@proofscript/project": {
      "resolved": "packages/project",
      "link": true
    },
    "packages/runtime": {
      "name": "@proofscript/runtime",
      "version": "0.0.0-dev",
      "devDependencies": {
        "typescript": "5.8.3"
      },
      "dependencies": {
        "lean-ts-kernel": "file:../.."
      }
    },
    "node_modules/@proofscript/runtime": {
      "resolved": "packages/runtime",
      "link": true
    },
    "packages/syntax": {
      "name": "@proofscript/syntax",
      "version": "0.0.0-dev",
      "devDependencies": {
        "typescript": "5.8.3"
      }
    },
    "node_modules/@proofscript/syntax": {
      "resolved": "packages/syntax",
      "link": true
    },
    "packages/tactic": {
      "name": "@proofscript/tactic",
      "version": "0.0.0-dev",
      "devDependencies": {
        "typescript": "5.8.3"
      }
    },
    "node_modules/@proofscript/tactic": {
      "resolved": "packages/tactic",
      "link": true
    },
    "node_modules/lean-ts-kernel": {
      "resolved": "",
      "link": true
    },
    "node_modules/typescript": {
      "version": "5.8.3",
      "resolved": "https://registry.npmjs.org/typescript/-/typescript-5.8.3.tgz",
      "integrity": "sha512-p1diW6TqL9L07nNxvRMM7hMMw4c5XOo/1ibL4aAIGmSAt9slTE1Xgw5KWuof2uTOvCg9BY7ZRi+GaF+7sfgPeQ==",
      "dev": true,
      "license": "Apache-2.0",
      "bin": {
        "tsc": "bin/tsc",
        "tsserver": "bin/tsserver"
      },
      "engines": {
        "node": ">=14.17"
      }
    },
    "node_modules/@types/node": {
      "version": "22.15.3",
      "resolved": "https://registry.npmjs.org/@types/node/-/node-22.15.3.tgz",
      "integrity": "sha512-lX7HFZeHf4QG/J7tBZqrCAXwz9J5RD56Y6MpP0eJkka8p+K0RY/yBTW7CYFJ4VGCclxqOLKmiGP5juQc6MKgcw==",
      "dev": true,
      "license": "MIT",
      "dependencies": {
        "undici-types": "~6.21.0"
      }
    },
    "node_modules/undici-types": {
      "version": "6.21.0",
      "resolved": "https://registry.npmjs.org/undici-types/-/undici-types-6.21.0.tgz",
      "integrity": "sha512-iwDZqg0QAGrg9Rav5H4n0M64c3mkR59cJ6wQp+7C4nI0gsmExaedaYLNO44eT4AtBBwjbTiGPMlt2Md0T9H9JQ==",
      "dev": true,
      "license": "MIT"
    }
  }
}
